// !$*UTF8*$!
{
	archiveVersion = 1;
	classes = {
	};
	objectVersion = 50;
	objects = {

/* Begin PBXBuildFile section */
		F9A94E7224A9E4EC00B583C4 /* AppDelegate.swift in Sources */ = {isa = PBXBuildFile; fileRef = F9A94E7124A9E4EC00B583C4 /* AppDelegate.swift */; };
		F9A94E7424A9E4EC00B583C4 /* SceneDelegate.swift in Sources */ = {isa = PBXBuildFile; fileRef = F9A94E7324A9E4EC00B583C4 /* SceneDelegate.swift */; };
		F9A94E7624A9E4EC00B583C4 /* ContentView.swift in Sources */ = {isa = PBXBuildFile; fileRef = F9A94E7524A9E4EC00B583C4 /* ContentView.swift */; };
		F9A94E7824A9E4EF00B583C4 /* Assets.xcassets in Resources */ = {isa = PBXBuildFile; fileRef = F9A94E7724A9E4EF00B583C4 /* Assets.xcassets */; };
		F9A94E7B24A9E4EF00B583C4 /* Preview Assets.xcassets in Resources */ = {isa = PBXBuildFile; fileRef = F9A94E7A24A9E4EF00B583C4 /* Preview Assets.xcassets */; };
		F9A94E7E24A9E4EF00B583C4 /* LaunchScreen.storyboard in Resources */ = {isa = PBXBuildFile; fileRef = F9A94E7C24A9E4EF00B583C4 /* LaunchScreen.storyboard */; };
		F9A94E8924A9E4EF00B583C4 /* SocialDistancingAppTests.swift in Sources */ = {isa = PBXBuildFile; fileRef = F9A94E8824A9E4EF00B583C4 /* SocialDistancingAppTests.swift */; };
		F9A94E9424A9E4EF00B583C4 /* SocialDistancingAppUITests.swift in Sources */ = {isa = PBXBuildFile; fileRef = F9A94E9324A9E4EF00B583C4 /* SocialDistancingAppUITests.swift */; };
/* End PBXBuildFile section */

/* Begin PBXContainerItemProxy section */
		F9A94E8524A9E4EF00B583C4 /* PBXContainerItemProxy */ = {
			isa = PBXContainerItemProxy;
			containerPortal = F9A94E6624A9E4EC00B583C4 /* Project object */;
			proxyType = 1;
			remoteGlobalIDString = F9A94E6D24A9E4EC00B583C4;
			remoteInfo = SocialDistancingApp;
		};
		F9A94E9024A9E4EF00B583C4 /* PBXContainerItemProxy */ = {
			isa = PBXContainerItemProxy;
			containerPortal = F9A94E6624A9E4EC00B583C4 /* Project object */;
			proxyType = 1;
			remoteGlobalIDString = F9A94E6D24A9E4EC00B583C4;
			remoteInfo = SocialDistancingApp;
		};
/* End PBXContainerItemProxy section */

/* Begin PBXFileReference section */
		F9A94E6E24A9E4EC00B583C4 /* SocialDistancingApp.app */ = {isa = PBXFileReference; explicitFileType = wrapper.application; includeInIndex = 0; path = SocialDistancingApp.app; sourceTree = BUILT_PRODUCTS_DIR; };
		F9A94E7124A9E4EC00B583C4 /* AppDelegate.swift */ = {isa = PBXFileReference; lastKnownFileType = sourcecode.swift; path = AppDelegate.swift; sourceTree = "<group>"; };
		F9A94E7324A9E4EC00B583C4 /* SceneDelegate.swift */ = {isa = PBXFileReference; lastKnownFileType = sourcecode.swift; path = SceneDelegate.swift; sourceTree = "<group>"; };
		F9A94E7524A9E4EC00B583C4 /* ContentView.swift */ = {isa = PBXFileReference; lastKnownFileType = sourcecode.swift; path = ContentView.swift; sourceTree = "<group>"; usesTabs = 0; };
		F9A94E7724A9E4EF00B583C4 /* Assets.xcassets */ = {isa = PBXFileReference; lastKnownFileType = folder.assetcatalog; path = Assets.xcassets; sourceTree = "<group>"; };
		F9A94E7A24A9E4EF00B583C4 /* Preview Assets.xcassets */ = {isa = PBXFileReference; lastKnownFileType = folder.assetcatalog; path = "Preview Assets.xcassets"; sourceTree = "<group>"; };
		F9A94E7D24A9E4EF00B583C4 /* Base */ = {isa = PBXFileReference; lastKnownFileType = file.storyboard; name = Base; path = Base.lproj/LaunchScreen.storyboard; sourceTree = "<group>"; };
		F9A94E7F24A9E4EF00B583C4 /* Info.plist */ = {isa = PBXFileReference; lastKnownFileType = text.plist.xml; path = Info.plist; sourceTree = "<group>"; };
		F9A94E8424A9E4EF00B583C4 /* SocialDistancingAppTests.xctest */ = {isa = PBXFileReference; explicitFileType = wrapper.cfbundle; includeInIndex = 0; path = SocialDistancingAppTests.xctest; sourceTree = BUILT_PRODUCTS_DIR; };
		F9A94E8824A9E4EF00B583C4 /* SocialDistancingAppTests.swift */ = {isa = PBXFileReference; lastKnownFileType = sourcecode.swift; path = SocialDistancingAppTests.swift; sourceTree = "<group>"; };
		F9A94E8A24A9E4EF00B583C4 /* Info.plist */ = {isa = PBXFileReference; lastKnownFileType = text.plist.xml; path = Info.plist; sourceTree = "<group>"; };
		F9A94E8F24A9E4EF00B583C4 /* SocialDistancingAppUITests.xctest */ = {isa = PBXFileReference; explicitFileType = wrapper.cfbundle; includeInIndex = 0; path = SocialDistancingAppUITests.xctest; sourceTree = BUILT_PRODUCTS_DIR; };
		F9A94E9324A9E4EF00B583C4 /* SocialDistancingAppUITests.swift */ = {isa = PBXFileReference; lastKnownFileType = sourcecode.swift; path = SocialDistancingAppUITests.swift; sourceTree = "<group>"; };
		F9A94E9524A9E4EF00B583C4 /* Info.plist */ = {isa = PBXFileReference; lastKnownFileType = text.plist.xml; path = Info.plist; sourceTree = "<group>"; };
/* End PBXFileReference section */

/* Begin PBXFrameworksBuildPhase section */
		F9A94E6B24A9E4EC00B583C4 /* Frameworks */ = {
			isa = PBXFrameworksBuildPhase;
			buildActionMask = 2147483647;
			files = (
			);
			runOnlyForDeploymentPostprocessing = 0;
		};
		F9A94E8124A9E4EF00B583C4 /* Frameworks */ = {
			isa = PBXFrameworksBuildPhase;
			buildActionMask = 2147483647;
			files = (
			);
			runOnlyForDeploymentPostprocessing = 0;
		};
		F9A94E8C24A9E4EF00B583C4 /* Frameworks */ = {
			isa = PBXFrameworksBuildPhase;
			buildActionMask = 2147483647;
			files = (
			);
			runOnlyForDeploymentPostprocessing = 0;
		};
/* End PBXFrameworksBuildPhase section */

/* Begin PBXGroup section */
		F9A94E6524A9E4EC00B583C4 = {
			isa = PBXGroup;
			children = (
				F9A94E7024A9E4EC00B583C4 /* SocialDistancingApp */,
				F9A94E8724A9E4EF00B583C4 /* SocialDistancingAppTests */,
				F9A94E9224A9E4EF00B583C4 /* SocialDistancingAppUITests */,
				F9A94E6F24A9E4EC00B583C4 /* Products */,
			);
			sourceTree = "<group>";
		};
		F9A94E6F24A9E4EC00B583C4 /* Products */ = {
			isa = PBXGroup;
			children = (
				F9A94E6E24A9E4EC00B583C4 /* SocialDistancingApp.app */,
				F9A94E8424A9E4EF00B583C4 /* SocialDistancingAppTests.xctest */,
				F9A94E8F24A9E4EF00B583C4 /* SocialDistancingAppUITests.xctest */,
			);
			name = Products;
			sourceTree = "<group>";
		};
		F9A94E7024A9E4EC00B583C4 /* SocialDistancingApp */ = {
			isa = PBXGroup;
			children = (
				F9A94E7124A9E4EC00B583C4 /* AppDelegate.swift */,
				F9A94E7324A9E4EC00B583C4 /* SceneDelegate.swift */,
				F9A94E7524A9E4EC00B583C4 /* ContentView.swift */,
				F9A94E7724A9E4EF00B583C4 /* Assets.xcassets */,
				F9A94E7C24A9E4EF00B583C4 /* LaunchScreen.storyboard */,
				F9A94E7F24A9E4EF00B583C4 /* Info.plist */,
				F9A94E7924A9E4EF00B583C4 /* Preview Content */,
			);
			path = SocialDistancingApp;
			sourceTree = "<group>";
		};
		F9A94E7924A9E4EF00B583C4 /* Preview Content */ = {
			isa = PBXGroup;
			children = (
				F9A94E7A24A9E4EF00B583C4 /* Preview Assets.xcassets */,
			);
			path = "Preview Content";
			sourceTree = "<group>";
		};
		F9A94E8724A9E4EF00B583C4 /* SocialDistancingAppTests */ = {
			isa = PBXGroup;
			children = (
				F9A94E8824A9E4EF00B583C4 /* SocialDistancingAppTests.swift */,
				F9A94E8A24A9E4EF00B583C4 /* Info.plist */,
			);
			path = SocialDistancingAppTests;
			sourceTree = "<group>";
		};
		F9A94E9224A9E4EF00B583C4 /* SocialDistancingAppUITests */ = {
			isa = PBXGroup;
			children = (
				F9A94E9324A9E4EF00B583C4 /* SocialDistancingAppUITests.swift */,
				F9A94E9524A9E4EF00B583C4 /* Info.plist */,
			);
			path = SocialDistancingAppUITests;
			sourceTree = "<group>";
		};
/* End PBXGroup section */

/* Begin PBXNativeTarget section */
		F9A94E6D24A9E4EC00B583C4 /* SocialDistancingApp */ = {
			isa = PBXNativeTarget;
			buildConfigurationList = F9A94E9824A9E4EF00B583C4 /* Build configuration list for PBXNativeTarget "SocialDistancingApp" */;
			buildPhases = (
				F9A94E6A24A9E4EC00B583C4 /* Sources */,
				F9A94E6B24A9E4EC00B583C4 /* Frameworks */,
				F9A94E6C24A9E4EC00B583C4 /* Resources */,
			);
			buildRules = (
			);
			dependencies = (
			);
			name = SocialDistancingApp;
			productName = SocialDistancingApp;
			productReference = F9A94E6E24A9E4EC00B583C4 /* SocialDistancingApp.app */;
			productType = "com.apple.product-type.application";
		};
		F9A94E8324A9E4EF00B583C4 /* SocialDistancingAppTests */ = {
			isa = PBXNativeTarget;
			buildConfigurationList = F9A94E9B24A9E4EF00B583C4 /* Build configuration list for PBXNativeTarget "SocialDistancingAppTests" */;
			buildPhases = (
				F9A94E8024A9E4EF00B583C4 /* Sources */,
				F9A94E8124A9E4EF00B583C4 /* Frameworks */,
				F9A94E8224A9E4EF00B583C4 /* Resources */,
			);
			buildRules = (
			);
			dependencies = (
				F9A94E8624A9E4EF00B583C4 /* PBXTargetDependency */,
			);
			name = SocialDistancingAppTests;
			productName = SocialDistancingAppTests;
			productReference = F9A94E8424A9E4EF00B583C4 /* SocialDistancingAppTests.xctest */;
			productType = "com.apple.product-type.bundle.unit-test";
		};
		F9A94E8E24A9E4EF00B583C4 /* SocialDistancingAppUITests */ = {
			isa = PBXNativeTarget;
			buildConfigurationList = F9A94E9E24A9E4EF00B583C4 /* Build configuration list for PBXNativeTarget "SocialDistancingAppUITests" */;
			buildPhases = (
				F9A94E8B24A9E4EF00B583C4 /* Sources */,
				F9A94E8C24A9E4EF00B583C4 /* Frameworks */,
				F9A94E8D24A9E4EF00B583C4 /* Resources */,
			);
			buildRules = (
			);
			dependencies = (
				F9A94E9124A9E4EF00B583C4 /* PBXTargetDependency */,
			);
			name = SocialDistancingAppUITests;
			productName = SocialDistancingAppUITests;
			productReference = F9A94E8F24A9E4EF00B583C4 /* SocialDistancingAppUITests.xctest */;
			productType = "com.apple.product-type.bundle.ui-testing";
		};
/* End PBXNativeTarget section */

/* Begin PBXProject section */
		F9A94E6624A9E4EC00B583C4 /* Project object */ = {
			isa = PBXProject;
			attributes = {
				LastSwiftUpdateCheck = 1100;
				LastUpgradeCheck = 1100;
				ORGANIZATIONNAME = veenjain;
				TargetAttributes = {
					F9A94E6D24A9E4EC00B583C4 = {
						CreatedOnToolsVersion = 11.0;
					};
					F9A94E8324A9E4EF00B583C4 = {
						CreatedOnToolsVersion = 11.0;
						TestTargetID = F9A94E6D24A9E4EC00B583C4;
					};
					F9A94E8E24A9E4EF00B583C4 = {
						CreatedOnToolsVersion = 11.0;
						TestTargetID = F9A94E6D24A9E4EC00B583C4;
					};
				};
			};
			buildConfigurationList = F9A94E6924A9E4EC00B583C4 /* Build configuration list for PBXProject "SocialDistancingApp" */;
			compatibilityVersion = "Xcode 9.3";
			developmentRegion = en;
			hasScannedForEncodings = 0;
			knownRegions = (
				en,
				Base,
			);
			mainGroup = F9A94E6524A9E4EC00B583C4;
			productRefGroup = F9A94E6F24A9E4EC00B583C4 /* Products */;
			projectDirPath = "";
			projectRoot = "";
			targets = (
				F9A94E6D24A9E4EC00B583C4 /* SocialDistancingApp */,
				F9A94E8324A9E4EF00B583C4 /* SocialDistancingAppTests */,
				F9A94E8E24A9E4EF00B583C4 /* SocialDistancingAppUITests */,
			);
		};
/* End PBXProject section */

/* Begin PBXResourcesBuildPhase section */
		F9A94E6C24A9E4EC00B583C4 /* Resources */ = {
			isa = PBXResourcesBuildPhase;
			buildActionMask = 2147483647;
			files = (
				F9A94E7E24A9E4EF00B583C4 /* LaunchScreen.storyboard in Resources */,
				F9A94E7B24A9E4EF00B583C4 /* Preview Assets.xcassets in Resources */,
				F9A94E7824A9E4EF00B583C4 /* Assets.xcassets in Resources */,
			);
			runOnlyForDeploymentPostprocessing = 0;
		};
		F9A94E8224A9E4EF00B583C4 /* Resources */ = {
			isa = PBXResourcesBuildPhase;
			buildActionMask = 2147483647;
			files = (
			);
			runOnlyForDeploymentPostprocessing = 0;
		};
		F9A94E8D24A9E4EF00B583C4 /* Resources */ = {
			isa = PBXResourcesBuildPhase;
			buildActionMask = 2147483647;
			files = (
			);
			runOnlyForDeploymentPostprocessing = 0;
		};
/* End PBXResourcesBuildPhase section */

/* Begin PBXSourcesBuildPhase section */
		F9A94E6A24A9E4EC00B583C4 /* Sources */ = {
			isa = PBXSourcesBuildPhase;
			buildActionMask = 2147483647;
			files = (
				F9A94E7224A9E4EC00B583C4 /* AppDelegate.swift in Sources */,
				F9A94E7424A9E4EC00B583C4 /* SceneDelegate.swift in Sources */,
				F9A94E7624A9E4EC00B583C4 /* ContentView.swift in Sources */,
			);
			runOnlyForDeploymentPostprocessing = 0;
		};
		F9A94E8024A9E4EF00B583C4 /* Sources */ = {
			isa = PBXSourcesBuildPhase;
			buildActionMask = 2147483647;
			files = (
				F9A94E8924A9E4EF00B583C4 /* SocialDistancingAppTests.swift in Sources */,
			);
			runOnlyForDeploymentPostprocessing = 0;
		};
		F9A94E8B24A9E4EF00B583C4 /* Sources */ = {
			isa = PBXSourcesBuildPhase;
			buildActionMask = 2147483647;
			files = (
				F9A94E9424A9E4EF00B583C4 /* SocialDistancingAppUITests.swift in Sources */,
			);
			runOnlyForDeploymentPostprocessing = 0;
		};
/* End PBXSourcesBuildPhase section */

/* Begin PBXTargetDependency section */
		F9A94E8624A9E4EF00B583C4 /* PBXTargetDependency */ = {
			isa = PBXTargetDependency;
			target = F9A94E6D24A9E4EC00B583C4 /* SocialDistancingApp */;
			targetProxy = F9A94E8524A9E4EF00B583C4 /* PBXContainerItemProxy */;
		};
		F9A94E9124A9E4EF00B583C4 /* PBXTargetDependency */ = {
			isa = PBXTargetDependency;
			target = F9A94E6D24A9E4EC00B583C4 /* SocialDistancingApp */;
			targetProxy = F9A94E9024A9E4EF00B583C4 /* PBXContainerItemProxy */;
		};
/* End PBXTargetDependency section */

/* Begin PBXVariantGroup section */
		F9A94E7C24A9E4EF00B583C4 /* LaunchScreen.storyboard */ = {
			isa = PBXVariantGroup;
			children = (
				F9A94E7D24A9E4EF00B583C4 /* Base */,
			);
			name = LaunchScreen.storyboard;
			sourceTree = "<group>";
		};
/* End PBXVariantGroup section */

/* Begin XCBuildConfiguration section */
		F9A94E9624A9E4EF00B583C4 /* Debug */ = {
			isa = XCBuildConfiguration;
			buildSettings = {
				ALWAYS_SEARCH_USER_PATHS = NO;
				CLANG_ANALYZER_NONNULL = YES;
				CLANG_ANALYZER_NUMBER_OBJECT_CONVERSION = YES_AGGRESSIVE;
				CLANG_CXX_LANGUAGE_STANDARD = "gnu++14";
				CLANG_CXX_LIBRARY = "libc++";
				CLANG_ENABLE_MODULES = YES;
				CLANG_ENABLE_OBJC_ARC = YES;
				CLANG_ENABLE_OBJC_WEAK = YES;
				CLANG_WARN_BLOCK_CAPTURE_AUTORELEASING = YES;
				CLANG_WARN_BOOL_CONVERSION = YES;
				CLANG_WARN_COMMA = YES;
				CLANG_WARN_CONSTANT_CONVERSION = YES;
				CLANG_WARN_DEPRECATED_OBJC_IMPLEMENTATIONS = YES;
				CLANG_WARN_DIRECT_OBJC_ISA_USAGE = YES_ERROR;
				CLANG_WARN_DOCUMENTATION_COMMENTS = YES;
				CLANG_WARN_EMPTY_BODY = YES;
				CLANG_WARN_ENUM_CONVERSION = YES;
				CLANG_WARN_INFINITE_RECURSION = YES;
				CLANG_WARN_INT_CONVERSION = YES;
				CLANG_WARN_NON_LITERAL_NULL_CONVERSION = YES;
				CLANG_WARN_OBJC_IMPLICIT_RETAIN_SELF = YES;
				CLANG_WARN_OBJC_LITERAL_CONVERSION = YES;
				CLANG_WARN_OBJC_ROOT_CLASS = YES_ERROR;
				CLANG_WARN_RANGE_LOOP_ANALYSIS = YES;
				CLANG_WARN_STRICT_PROTOTYPES = YES;
				CLANG_WARN_SUSPICIOUS_MOVE = YES;
				CLANG_WARN_UNGUARDED_AVAILABILITY = YES_AGGRESSIVE;
				CLANG_WARN_UNREACHABLE_CODE = YES;
				CLANG_WARN__DUPLICATE_METHOD_MATCH = YES;
				COPY_PHASE_STRIP = NO;
				DEBUG_INFORMATION_FORMAT = dwarf;
				ENABLE_STRICT_OBJC_MSGSEND = YES;
				ENABLE_TESTABILITY = YES;
				GCC_C_LANGUAGE_STANDARD = gnu11;
				GCC_DYNAMIC_NO_PIC = NO;
				GCC_NO_COMMON_BLOCKS = YES;
				GCC_OPTIMIZATION_LEVEL = 0;
				GCC_PREPROCESSOR_DEFINITIONS = (
					"DEBUG=1",
					"$(inherited)",
				);
				GCC_WARN_64_TO_32_BIT_CONVERSION = YES;
				GCC_WARN_ABOUT_RETURN_TYPE = YES_ERROR;
				GCC_WARN_UNDECLARED_SELECTOR = YES;
				GCC_WARN_UNINITIALIZED_AUTOS = YES_AGGRESSIVE;
				GCC_WARN_UNUSED_FUNCTION = YES;
				GCC_WARN_UNUSED_VARIABLE = YES;
				IPHONEOS_DEPLOYMENT_TARGET = 13.0;
				MTL_ENABLE_DEBUG_INFO = INCLUDE_SOURCE;
				MTL_FAST_MATH = YES;
				ONLY_ACTIVE_ARCH = YES;
				SDKROOT = iphoneos;
				SWIFT_ACTIVE_COMPILATION_CONDITIONS = DEBUG;
				SWIFT_OPTIMIZATION_LEVEL = "-Onone";
			};
			name = Debug;
		};
		F9A94E9724A9E4EF00B583C4 /* Release */ = {
			isa = XCBuildConfiguration;
			buildSettings = {
				ALWAYS_SEARCH_USER_PATHS = NO;
				CLANG_ANALYZER_NONNULL = YES;
				CLANG_ANALYZER_NUMBER_OBJECT_CONVERSION = YES_AGGRESSIVE;
				CLANG_CXX_LANGUAGE_STANDARD = "gnu++14";
				CLANG_CXX_LIBRARY = "libc++";
				CLANG_ENABLE_MODULES = YES;
				CLANG_ENABLE_OBJC_ARC = YES;
				CLANG_ENABLE_OBJC_WEAK = YES;
				CLANG_WARN_BLOCK_CAPTURE_AUTORELEASING = YES;
				CLANG_WARN_BOOL_CONVERSION = YES;
				CLANG_WARN_COMMA = YES;
				CLANG_WARN_CONSTANT_CONVERSION = YES;
				CLANG_WARN_DEPRECATED_OBJC_IMPLEMENTATIONS = YES;
				CLANG_WARN_DIRECT_OBJC_ISA_USAGE = YES_ERROR;
				CLANG_WARN_DOCUMENTATION_COMMENTS = YES;
				CLANG_WARN_EMPTY_BODY = YES;
				CLANG_WARN_ENUM_CONVERSION = YES;
				CLANG_WARN_INFINITE_RECURSION = YES;
				CLANG_WARN_INT_CONVERSION = YES;
				CLANG_WARN_NON_LITERAL_NULL_CONVERSION = YES;
				CLANG_WARN_OBJC_IMPLICIT_RETAIN_SELF = YES;
				CLANG_WARN_OBJC_LITERAL_CONVERSION = YES;
				CLANG_WARN_OBJC_ROOT_CLASS = YES_ERROR;
				CLANG_WARN_RANGE_LOOP_ANALYSIS = YES;
				CLANG_WARN_STRICT_PROTOTYPES = YES;
				CLANG_WARN_SUSPICIOUS_MOVE = YES;
				CLANG_WARN_UNGUARDED_AVAILABILITY = YES_AGGRESSIVE;
				CLANG_WARN_UNREACHABLE_CODE = YES;
				CLANG_WARN__DUPLICATE_METHOD_MATCH = YES;
				COPY_PHASE_STRIP = NO;
				DEBUG_INFORMATION_FORMAT = "dwarf-with-dsym";
				ENABLE_NS_ASSERTIONS = NO;
				ENABLE_STRICT_OBJC_MSGSEND = YES;
				GCC_C_LANGUAGE_STANDARD = gnu11;
				GCC_NO_COMMON_BLOCKS = YES;
				GCC_WARN_64_TO_32_BIT_CONVERSION = YES;
				GCC_WARN_ABOUT_RETURN_TYPE = YES_ERROR;
				GCC_WARN_UNDECLARED_SELECTOR = YES;
				GCC_WARN_UNINITIALIZED_AUTOS = YES_AGGRESSIVE;
				GCC_WARN_UNUSED_FUNCTION = YES;
				GCC_WARN_UNUSED_VARIABLE = YES;
				IPHONEOS_DEPLOYMENT_TARGET = 13.0;
				MTL_ENABLE_DEBUG_INFO = NO;
				MTL_FAST_MATH = YES;
				SDKROOT = iphoneos;
				SWIFT_COMPILATION_MODE = wholemodule;
				SWIFT_OPTIMIZATION_LEVEL = "-O";
				VALIDATE_PRODUCT = YES;
			};
			name = Release;
		};
		F9A94E9924A9E4EF00B583C4 /* Debug */ = {
			isa = XCBuildConfiguration;
			buildSettings = {
				ASSETCATALOG_COMPILER_APPICON_NAME = AppIcon;
				CODE_SIGN_STYLE = Automatic;
				DEVELOPMENT_ASSET_PATHS = "\"SocialDistancingApp/Preview Content\"";
				ENABLE_PREVIEWS = YES;
				INFOPLIST_FILE = SocialDistancingApp/Info.plist;
				LD_RUNPATH_SEARCH_PATHS = (
					"$(inherited)",
					"@executable_path/Frameworks",
				);
				PRODUCT_BUNDLE_IDENTIFIER = "Neeral-Bhalgat.SocialDistancingApp";
				PRODUCT_NAME = "$(TARGET_NAME)";
				SWIFT_VERSION = 5.0;
				TARGETED_DEVICE_FAMILY = "1,2";
			};
			name = Debug;
		};
		F9A94E9A24A9E4EF00B583C4 /* Release */ = {
			isa = XCBuildConfiguration;
			buildSettings = {
				ASSETCATALOG_COMPILER_APPICON_NAME = AppIcon;
				CODE_SIGN_STYLE = Automatic;
				DEVELOPMENT_ASSET_PATHS = "\"SocialDistancingApp/Preview Content\"";
				ENABLE_PREVIEWS = YES;
				INFOPLIST_FILE = SocialDistancingApp/Info.plist;
				LD_RUNPATH_SEARCH_PATHS = (
					"$(inherited)",
					"@executable_path/Frameworks",
				);
				PRODUCT_BUNDLE_IDENTIFIER = "Neeral-Bhalgat.SocialDistancingApp";
				PRODUCT_NAME = "$(TARGET_NAME)";
				SWIFT_VERSION = 5.0;
				TARGETED_DEVICE_FAMILY = "1,2";
			};
			name = Release;
		};
		F9A94E9C24A9E4EF00B583C4 /* Debug */ = {
			isa = XCBuildConfiguration;
			buildSettings = {
				ALWAYS_EMBED_SWIFT_STANDARD_LIBRARIES = YES;
				BUNDLE_LOADER = "$(TEST_HOST)";
				CODE_SIGN_STYLE = Automatic;
				INFOPLIST_FILE = SocialDistancingAppTests/Info.plist;
				IPHONEOS_DEPLOYMENT_TARGET = 13.0;
				LD_RUNPATH_SEARCH_PATHS = (
					"$(inherited)",
					"@executable_path/Frameworks",
					"@loader_path/Frameworks",
				);
				PRODUCT_BUNDLE_IDENTIFIER = "Neeral-Bhalgat.SocialDistancingAppTests";
				PRODUCT_NAME = "$(TARGET_NAME)";
				SWIFT_VERSION = 5.0;
				TARGETED_DEVICE_FAMILY = "1,2";
				TEST_HOST = "$(BUILT_PRODUCTS_DIR)/SocialDistancingApp.app/SocialDistancingApp";
			};
			name = Debug;
		};
		F9A94E9D24A9E4EF00B583C4 /* Release */ = {
			isa = XCBuildConfiguration;
			buildSettings = {
				ALWAYS_EMBED_SWIFT_STANDARD_LIBRARIES = YES;
				BUNDLE_LOADER = "$(TEST_HOST)";
				CODE_SIGN_STYLE = Automatic;
				INFOPLIST_FILE = SocialDistancingAppTests/Info.plist;
				IPHONEOS_DEPLOYMENT_TARGET = 13.0;
				LD_RUNPATH_SEARCH_PATHS = (
					"$(inherited)",
					"@executable_path/Frameworks",
					"@loader_path/Frameworks",
				);
				PRODUCT_BUNDLE_IDENTIFIER = "Neeral-Bhalgat.SocialDistancingAppTests";
				PRODUCT_NAME = "$(TARGET_NAME)";
				SWIFT_VERSION = 5.0;
				TARGETED_DEVICE_FAMILY = "1,2";
				TEST_HOST = "$(BUILT_PRODUCTS_DIR)/SocialDistancingApp.app/SocialDistancingApp";
			};
			name = Release;
		};
		F9A94E9F24A9E4EF00B583C4 /* Debug */ = {
			isa = XCBuildConfiguration;
			buildSettings = {
				ALWAYS_EMBED_SWIFT_STANDARD_LIBRARIES = YES;
				CODE_SIGN_STYLE = Automatic;
				INFOPLIST_FILE = SocialDistancingAppUITests/Info.plist;
				LD_RUNPATH_SEARCH_PATHS = (
					"$(inherited)",
					"@executable_path/Frameworks",
					"@loader_path/Frameworks",
				);
				PRODUCT_BUNDLE_IDENTIFIER = "Neeral-Bhalgat.SocialDistancingAppUITests";
				PRODUCT_NAME = "$(TARGET_NAME)";
				SWIFT_VERSION = 5.0;
				TARGETED_DEVICE_FAMILY = "1,2";
				TEST_TARGET_NAME = SocialDistancingApp;
			};
			name = Debug;
		};
		F9A94EA024A9E4EF00B583C4 /* Release */ = {
			isa = XCBuildConfiguration;
			buildSettings = {
				ALWAYS_EMBED_SWIFT_STANDARD_LIBRARIES = YES;
				CODE_SIGN_STYLE = Automatic;
				INFOPLIST_FILE = SocialDistancingAppUITests/Info.plist;
				LD_RUNPATH_SEARCH_PATHS = (
					"$(inherited)",
					"@executable_path/Frameworks",
					"@loader_path/Frameworks",
				);
				PRODUCT_BUNDLE_IDENTIFIER = "Neeral-Bhalgat.SocialDistancingAppUITests";
				PRODUCT_NAME = "$(TARGET_NAME)";
				SWIFT_VERSION = 5.0;
				TARGETED_DEVICE_FAMILY = "1,2";
				TEST_TARGET_NAME = SocialDistancingApp;
			};
			name = Release;
		};
/* End XCBuildConfiguration section */

/* Begin XCConfigurationList section */
		F9A94E6924A9E4EC00B583C4 /* Build configuration list for PBXProject "SocialDistancingApp" */ = {
			isa = XCConfigurationList;
			buildConfigurations = (
				F9A94E9624A9E4EF00B583C4 /* Debug */,
				F9A94E9724A9E4EF00B583C4 /* Release */,
			);
			defaultConfigurationIsVisible = 0;
			defaultConfigurationName = Release;
		};
		F9A94E9824A9E4EF00B583C4 /* Build configuration list for PBXNativeTarget "SocialDistancingApp" */ = {
			isa = XCConfigurationList;
			buildConfigurations = (
				F9A94E9924A9E4EF00B583C4 /* Debug */,
				F9A94E9A24A9E4EF00B583C4 /* Release */,
			);
			defaultConfigurationIsVisible = 0;
			defaultConfigurationName = Release;
		};
		F9A94E9B24A9E4EF00B583C4 /* Build configuration list for PBXNativeTarget "SocialDistancingAppTests" */ = {
			isa = XCConfigurationList;
			buildConfigurations = (
				F9A94E9C24A9E4EF00B583C4 /* Debug */,
				F9A94E9D24A9E4EF00B583C4 /* Release */,
			);
			defaultConfigurationIsVisible = 0;
			defaultConfigurationName = Release;
		};
		F9A94E9E24A9E4EF00B583C4 /* Build configuration list for PBXNativeTarget "SocialDistancingAppUITests" */ = {
			isa = XCConfigurationList;
			buildConfigurations = (
				F9A94E9F24A9E4EF00B583C4 /* Debug */,
				F9A94EA024A9E4EF00B583C4 /* Release */,
			);
			defaultConfigurationIsVisible = 0;
			defaultConfigurationName = Release;
		};
/* End XCConfigurationList section */
	};
	rootObject = F9A94E6624A9E4EC00B583C4 /* Project object */;
}
